
Microsoft Visual Studio Solution File, Format Version 12.00
# Visual Studio Version 17
VisualStudioVersion = 17.7.34202.233
MinimumVisualStudioVersion = 10.0.40219.1
Project("{FAE04EC0-301F-11D3-BF4B-00C04F79EFBC}") = "2301b2Wpf", "2301b2Wpf\2301b2Wpf.csproj", "{5628E414-2157-41EB-97A7-B7311C5FAC62}"
EndProject
Global
	GlobalSection(SolutionConfigurationPlatforms) = preSolution
		Debug|Any CPU = Debug|Any CPU
		Release|Any CPU = Release|Any CPU
	EndGlobalSection
	GlobalSection(ProjectConfigurationPlatforms) = postSolution
		{5628E414-2157-41EB-97A7-B7311C5FAC62}.Debug|Any CPU.ActiveCfg = Debug|Any CPU
		{5628E414-2157-41EB-97A7-B7311C5FAC62}.Debug|Any CPU.Build.0 = Debug|Any CPU
		{5628E414-2157-41EB-97A7-B7311C5FAC62}.Release|Any CPU.ActiveCfg = Release|Any CPU
		{5628E414-2157-41EB-97A7-B7311C5FAC62}.Release|Any CPU.Build.0 = Release|Any CPU
	EndGlobalSection
	GlobalSection(SolutionProperties) = preSolution
		HideSolutionNode = FALSE
	EndGlobalSection
	GlobalSection(ExtensibilityGlobals) = postSolution
		SolutionGuid = {7C66A849-7451-4852-B5FB-C54BD2428A42}
	EndGlobalSection
EndGlobal
